# This file was autogenerated by Stack.
# You should not edit this file by hand.
# For more information, please see the documentation at:
#   https://docs.haskellstack.org/en/stable/lock_files

packages:
- completed:
    hackage: nanovg-0.8.0.0@sha256:224b71e26be44d80e76d4bfc8633aa74dae4b5675109781d57783b75f7aa74ef,4914
    pantry-tree:
      size: 2558
      sha256: c03390da9e9dd47b259c441611baf8afd4026d9de69190e175d94957cf78816b
  original:
    hackage: nanovg-0.8.0.0
- completed:
    hackage: monomer-1.4.1.0@sha256:6d4e5910ff7e3d754531f7aaacfcbb28013f37a811ca2f47d003389b1c9dc887,15067
    pantry-tree:
      size: 14019
      sha256: f81ef85770cead6b17cb5b842b6d9f3bf1cce481674663823a629eedcdc0f355
  original:
    hackage: monomer-1.4.1.0
- completed:
    hackage: proteaaudio-0.9.2@sha256:bd7638441cb37e73984ad2604bc6db7e24d465ae7cc759da6eb27251ee2ab2b1,2695
    pantry-tree:
      size: 1874
      sha256: aba140bb67cb71fa18140f819cef85be0c3e7b860cf199d39e0d73e918351b4d
  original:
    hackage: proteaaudio-0.9.2
- completed:
    hackage: tinyfiledialogs-0.2.0.0@sha256:20b820209189fa61cd67bca9a8a2202c178c0a0f16b893726aa502bd99458f34,1629
    pantry-tree:
      size: 466
      sha256: 191ad0bad0382c3b332972fa0c7cf3fda1b2007a79f2cc168ba595dc0f79e70f
  original:
    hackage: tinyfiledialogs-0.2.0.0
snapshots:
- completed:
    size: 590102
    url: https://raw.githubusercontent.com/commercialhaskell/stackage-snapshots/master/lts/18/27.yaml
    sha256: 79a786674930a89301b0e908fad2822a48882f3d01486117693c377b8edffdbe
  original: lts-18.27
