# This file was autogenerated by Stack.
# You should not edit this file by hand.
# For more information, please see the documentation at:
#   https://docs.haskellstack.org/en/stable/lock_files

packages:
- completed:
    hackage: proteaaudio-0.9.2@sha256:bd7638441cb37e73984ad2604bc6db7e24d465ae7cc759da6eb27251ee2ab2b1,2695
    pantry-tree:
      size: 1874
      sha256: aba140bb67cb71fa18140f819cef85be0c3e7b860cf199d39e0d73e918351b4d
  original:
    hackage: proteaaudio-0.9.2
snapshots:
- completed:
    size: 618884
    url: https://raw.githubusercontent.com/commercialhaskell/stackage-snapshots/master/lts/19/7.yaml
    sha256: 57d4ce67cc097fea2058446927987bc1f7408890e3a6df0da74e5e318f051c20
  original:
    url: https://raw.githubusercontent.com/commercialhaskell/stackage-snapshots/master/lts/19/7.yaml
